// !$*UTF8*$!
{
	archiveVersion = 1;
	classes = {
	};
	objectVersion = 46;
	objects = {

/* Begin PBXBuildFile section */
		0207DA581B56EA530066E2B4 /* Images.xcassets in Resources */ = {isa = PBXBuildFile; fileRef = 0207DA571B56EA530066E2B4 /* Images.xcassets */; };
		05770173B0C943F1A2569BE1 /* NSString+URLEncoding.m in Sources */ = {isa = PBXBuildFile; fileRef = CCA29BA95B534B69A9BD2F6D /* NSString+URLEncoding.m */; };
		07A424AA044D46749D4B056D /* AudioToolbox.framework in Frameworks */ = {isa = PBXBuildFile; fileRef = 374FD2D555294A4E90AA591A /* AudioToolbox.framework */; };
		088A759060E4489885820B37 /* OneSignalPush.h in Sources */ = {isa = PBXBuildFile; fileRef = 4C6C3B47A3C1469494F650B0 /* OneSignalPush.h */; };
		103C941077D04E09A727425E /* libopencv_imgproc.a in Frameworks */ = {isa = PBXBuildFile; fileRef = 9DDBF88E25FC43B2AC78245E /* libopencv_imgproc.a */; };
		128E215D3CEC46D8B7BAD9CB /* libc++.dylib in Frameworks */ = {isa = PBXBuildFile; fileRef = A1585A32AEC9445BBCC0F006 /* libc++.dylib */; };
		178EA1E104404F529EC3C3AF /* MessageUI.framework in Frameworks */ = {isa = PBXBuildFile; fileRef = EB6AF3F2BA4349859DEB0113 /* MessageUI.framework */; };
		1A6ECC87070E49E29594C298 /* libopencv_core.a in Frameworks */ = {isa = PBXBuildFile; fileRef = 4ACBF25F2AC045519D46D236 /* libopencv_core.a */; };
		1D1C0CDEB66240A2ADB488ED /* UNUserNotificationCenter+OneSignal.h in Sources */ = {isa = PBXBuildFile; fileRef = FE1F2E6C1C9940B0BB27CBFC /* UNUserNotificationCenter+OneSignal.h */; };
		1D3623260D0F684500981E51 /* AppDelegate.m in Sources */ = {isa = PBXBuildFile; fileRef = 1D3623250D0F684500981E51 /* AppDelegate.m */; };
		1D60589B0D05DD56006BFB54 /* main.m in Sources */ = {isa = PBXBuildFile; fileRef = 29B97316FDCFA39411CA2CEA /* main.m */; };
		29FB582B34E448F1843925BF /* CDVInAppBrowser.m in Sources */ = {isa = PBXBuildFile; fileRef = CB93474B2C66477C809E7DAF /* CDVInAppBrowser.m */; };
		2CF7054F20834C709287D3B5 /* FBSDKLoginKit.framework in Frameworks */ = {isa = PBXBuildFile; fileRef = C81E663823F94777A9A3F181 /* FBSDKLoginKit.framework */; };
		301BF552109A68D80062928A /* libCordova.a in Frameworks */ = {isa = PBXBuildFile; fileRef = 301BF535109A57CC0062928A /* libCordova.a */; };
		302D95F114D2391D003F00A1 /* MainViewController.m in Sources */ = {isa = PBXBuildFile; fileRef = 302D95EF14D2391D003F00A1 /* MainViewController.m */; };
		302D95F214D2391D003F00A1 /* MainViewController.xib in Resources */ = {isa = PBXBuildFile; fileRef = 302D95F014D2391D003F00A1 /* MainViewController.xib */; };
		3047A5121AB8059700498E2A /* build-debug.xcconfig in Resources */ = {isa = PBXBuildFile; fileRef = 3047A50F1AB8059700498E2A /* build-debug.xcconfig */; };
		3047A5131AB8059700498E2A /* build-release.xcconfig in Resources */ = {isa = PBXBuildFile; fileRef = 3047A5101AB8059700498E2A /* build-release.xcconfig */; };
		3047A5141AB8059700498E2A /* build.xcconfig in Resources */ = {isa = PBXBuildFile; fileRef = 3047A5111AB8059700498E2A /* build.xcconfig */; };
		308D20A56D9746DDB0FD119C /* CDVSplashScreen.m in Sources */ = {isa = PBXBuildFile; fileRef = 6488F5514D3549A3BE9582BD /* CDVSplashScreen.m */; };
		30E128BF82B1474180C44E28 /* OneSignalPush.m in Sources */ = {isa = PBXBuildFile; fileRef = CC023708254B40A584D65AAD /* OneSignalPush.m */; };
		38FAA458E1D4471FB72C9293 /* SocialSharing.m in Sources */ = {isa = PBXBuildFile; fileRef = EDD533CB37224BF094073A7F /* SocialSharing.m */; };
		3AEEE4622CFA4E8BA7B66515 /* libCardIO.a in Frameworks */ = {isa = PBXBuildFile; fileRef = D2B420F762B84F73BA6FBAD2 /* libCardIO.a */; };
		3CC144BBDAFB431484B03CC4 /* CoreMedia.framework in Frameworks */ = {isa = PBXBuildFile; fileRef = 5D92676A834740D6A553F4A5 /* CoreMedia.framework */; };
		3FF978B3BCE5410F90B240E5 /* FBSDKShareKit.framework in Frameworks */ = {isa = PBXBuildFile; fileRef = 414A3EC339584E1AB625FE45 /* FBSDKShareKit.framework */; };
		4276F650CC0F4D6A80AC0B65 /* OneSignalHTTPClient.m in Sources */ = {isa = PBXBuildFile; fileRef = 1F8F585C5EBF46A591CA9A60 /* OneSignalHTTPClient.m */; };
		43E769BE0ADC4453926347A0 /* PayPalMobileCordovaPlugin.m in Sources */ = {isa = PBXBuildFile; fileRef = 8CAA4A070115457AB977637E /* PayPalMobileCordovaPlugin.m */; };
		49FBBF261D73460BB0CE3C86 /* OneSignalWebView.m in Sources */ = {isa = PBXBuildFile; fileRef = D98D9C892F594E91B9506CEB /* OneSignalWebView.m */; };
		4AB848E4AF1A45C98B624C65 /* UNUserNotificationCenter+OneSignal.m in Sources */ = {isa = PBXBuildFile; fileRef = 3C5ECB6CFECF43828F384004 /* UNUserNotificationCenter+OneSignal.m */; };
		4C18AA7E484C453486688315 /* Bolts.framework in Frameworks */ = {isa = PBXBuildFile; fileRef = 688C247C8D374824BC223ACA /* Bolts.framework */; };
		56E64FFF4C4845E88269A743 /* OneSignalLocation.m in Sources */ = {isa = PBXBuildFile; fileRef = 15AE989ED42946EAB3C6DF22 /* OneSignalLocation.m */; };
		5B0746297BDF4F7983AC7F2F /* OneSignal.m in Sources */ = {isa = PBXBuildFile; fileRef = 89B8D006090943BFB660FE75 /* OneSignal.m */; };
		625FBFA7AE6140D9AB0AF9B8 /* AVFoundation.framework in Frameworks */ = {isa = PBXBuildFile; fileRef = 49ADFC6707A542B9B78B4BC7 /* AVFoundation.framework */; };
		67D5581E906546C28B820AE0 /* OneSignalSelectorHelpers.m in Sources */ = {isa = PBXBuildFile; fileRef = F734A2A7332C4A81B98E5D8D /* OneSignalSelectorHelpers.m */; };
		747CC76C44A54005BD5622BA /* SystemConfiguration.framework in Frameworks */ = {isa = PBXBuildFile; fileRef = A74130CB536648858E926098 /* SystemConfiguration.framework */; };
		7937578FF1CE4647B1A769A6 /* Social.framework in Frameworks */ = {isa = PBXBuildFile; fileRef = 6C3B5D0C9FBA40D281A9CC05 /* Social.framework */; settings = {ATTRIBUTES = (Weak, ); }; };
		8918C96868144C749DB29357 /* OpenGLES.framework in Frameworks */ = {isa = PBXBuildFile; fileRef = 4310F72690164CD9B68C1929 /* OpenGLES.framework */; };
		8CB443C9C4C64B4183018927 /* Foundation.framework in Frameworks */ = {isa = PBXBuildFile; fileRef = 7E4FCAC3F2774C679BFF3511 /* Foundation.framework */; };
		8D0F8574C208427E863D614F /* OneSignalAlertViewDelegate.m in Sources */ = {isa = PBXBuildFile; fileRef = C8670B6BB7124494A8B88E51 /* OneSignalAlertViewDelegate.m */; };
		902A2347D57346B48876EC40 /* libPayPalMobile.a in Frameworks */ = {isa = PBXBuildFile; fileRef = 99D2E4C94EBC4B748F75068A /* libPayPalMobile.a */; };
		9A5D0D0029C148BBA9057894 /* QuartzCore.framework in Frameworks */ = {isa = PBXBuildFile; fileRef = 6CCA5BE1E11B47DCBE4C01D8 /* QuartzCore.framework */; };
		9BC037A33D6348DBB27F0278 /* OneSignalMobileProvision.m in Sources */ = {isa = PBXBuildFile; fileRef = 178CADEDF4D0497F82534ECF /* OneSignalMobileProvision.m */; };
		9E419F164FC74DCFB20646AD /* OneSignalTracker.m in Sources */ = {isa = PBXBuildFile; fileRef = EAA33099F34E4523805767B5 /* OneSignalTracker.m */; };
		A0FCBF8FCE664A56927A2421 /* UIApplicationDelegate+OneSignal.h in Sources */ = {isa = PBXBuildFile; fileRef = CD5282D6AECD4F04A7532D78 /* UIApplicationDelegate+OneSignal.h */; };
		A1BECB3845EE44A385DAFBB9 /* CoreVideo.framework in Frameworks */ = {isa = PBXBuildFile; fileRef = ACD0463EE5DC4935B1A57D3D /* CoreVideo.framework */; };
		A7E3E83CE25C4857BD5F2F88 /* OneSignalTrackIAP.m in Sources */ = {isa = PBXBuildFile; fileRef = DFAABBE9981D47D6B919E6D3 /* OneSignalTrackIAP.m */; };
		B1E06811CC8746F287C9C4A0 /* IonicKeyboard.m in Sources */ = {isa = PBXBuildFile; fileRef = 63BD43AFCE95435F85ACEF31 /* IonicKeyboard.m */; };
		B387A78FA2684123BE7533AD /* CDVLogger.m in Sources */ = {isa = PBXBuildFile; fileRef = 29F314CDCBBF45609283E929 /* CDVLogger.m */; };
		B5AA87D5F00844F984A0419C /* UIKit.framework in Frameworks */ = {isa = PBXBuildFile; fileRef = 89336E2E110445A0A451E781 /* UIKit.framework */; };
		C0D7FC6BBD0B4E5D88ADCAA4 /* OneSignalSelectorHelpers.h in Sources */ = {isa = PBXBuildFile; fileRef = 597675D1E11C43B29E42B181 /* OneSignalSelectorHelpers.h */; };
		C103FC0906AB435BB976E7ED /* UIApplicationDelegate+OneSignal.m in Sources */ = {isa = PBXBuildFile; fileRef = A606A880B8084CEDBC2E93FB /* UIApplicationDelegate+OneSignal.m */; };
		C57257307C2B4C82950ED454 /* FacebookConnectPlugin.m in Sources */ = {isa = PBXBuildFile; fileRef = CF6C3CA37C4248F2B4BCA067 /* FacebookConnectPlugin.m */; };
		CF0F22B45E544372A9F1FFA8 /* CDVDevice.m in Sources */ = {isa = PBXBuildFile; fileRef = 309BB4D895BA443E907D983E /* CDVDevice.m */; };
		CFC256241C9E4EC88F0F9438 /* CDVStatusBar.m in Sources */ = {isa = PBXBuildFile; fileRef = AEE8218EA2D8425E9E8D5CAE /* CDVStatusBar.m */; };
		D90D241501DE47B186FDCA26 /* Accelerate.framework in Frameworks */ = {isa = PBXBuildFile; fileRef = 3366C44F8223446CB790EEA8 /* Accelerate.framework */; };
		DB438A99ADF04D87B6236EA6 /* OneSignalReachability.m in Sources */ = {isa = PBXBuildFile; fileRef = B8098F740493446A8948FA3B /* OneSignalReachability.m */; };
		DE95D39C1A214E5797F71C76 /* CardIOCordovaPlugin.m in Sources */ = {isa = PBXBuildFile; fileRef = 2AD656C8EE274E1993A9C08C /* CardIOCordovaPlugin.m */; };
		E212FC1C7C784ABDB8B24F3B /* SafariServices.framework in Frameworks */ = {isa = PBXBuildFile; fileRef = 005CCBCCDC074D2EB29C62DF /* SafariServices.framework */; };
		E5B0FC65BC1044C0AE1201EE /* Security.framework in Frameworks */ = {isa = PBXBuildFile; fileRef = 7093B3F9D37243F9A5473703 /* Security.framework */; };
		E9F06AC1192F48E489D2A07D /* libPayPalMobile.a in Frameworks */ = {isa = PBXBuildFile; fileRef = B13E6CBB2DF54D9FAE07BC40 /* libPayPalMobile.a */; };
		EA05216F08FF4CBC81B4B6FD /* CoreLocation.framework in Frameworks */ = {isa = PBXBuildFile; fileRef = 5E0CB0A4AAFF414BAC7AC8D7 /* CoreLocation.framework */; settings = {ATTRIBUTES = (Weak, ); }; };
		ECBD1A5E745B4634A46C4ACB /* CDVViewController+SplashScreen.m in Sources */ = {isa = PBXBuildFile; fileRef = 64532CCD045E40F48CEA07F3 /* CDVViewController+SplashScreen.m */; };
		F115F5BF37464DAB9B20E887 /* OneSignalHelper.m in Sources */ = {isa = PBXBuildFile; fileRef = D6C56D081C594E7E89316CCF /* OneSignalHelper.m */; };
		F62F8C894403484590A75472 /* FBSDKCoreKit.framework in Frameworks */ = {isa = PBXBuildFile; fileRef = BE5BA4C283C34ACE838DEFAF /* FBSDKCoreKit.framework */; };
		FE49AEF196F848729280C0F8 /* CFNetwork.framework in Frameworks */ = {isa = PBXBuildFile; fileRef = C19BD5BEE0B7442F8A34F07B /* CFNetwork.framework */; };
		FFA39782EB224E469410584B /* OneSignalJailbreakDetection.m in Sources */ = {isa = PBXBuildFile; fileRef = C382BB0D31FA441C8A6E02F8 /* OneSignalJailbreakDetection.m */; };
/* End PBXBuildFile section */

/* Begin PBXContainerItemProxy section */
		301BF534109A57CC0062928A /* PBXContainerItemProxy */ = {
			isa = PBXContainerItemProxy;
			containerPortal = 301BF52D109A57CC0062928A /* CordovaLib.xcodeproj */;
			proxyType = 2;
			remoteGlobalIDString = D2AAC07E0554694100DB518D;
			remoteInfo = CordovaLib;
		};
		301BF550109A68C00062928A /* PBXContainerItemProxy */ = {
			isa = PBXContainerItemProxy;
			containerPortal = 301BF52D109A57CC0062928A /* CordovaLib.xcodeproj */;
			proxyType = 1;
			remoteGlobalIDString = D2AAC07D0554694100DB518D;
			remoteInfo = CordovaLib;
		};
/* End PBXContainerItemProxy section */

/* Begin PBXFileReference section */
		005CCBCCDC074D2EB29C62DF /* SafariServices.framework */ = {isa = PBXFileReference; explicitFileType = undefined; fileEncoding = 9; includeInIndex = 0; lastKnownFileType = wrapper.framework; name = SafariServices.framework; path = System/Library/Frameworks/SafariServices.framework; sourceTree = SDKROOT; };
		0207DA571B56EA530066E2B4 /* Images.xcassets */ = {isa = PBXFileReference; lastKnownFileType = folder.assetcatalog; name = Images.xcassets; path = Avicultura/Images.xcassets; sourceTree = SOURCE_ROOT; };
		039C6F6F5735455CA4E60F2B /* CardIOViewDelegate.h */ = {isa = PBXFileReference; explicitFileType = undefined; fileEncoding = 4; includeInIndex = 0; lastKnownFileType = sourcecode.c.h; name = CardIOViewDelegate.h; path = card.io.cordova.mobilesdk/CardIOViewDelegate.h; sourceTree = "<group>"; };
		0B4EA71119BA4F67A781DE6E /* CardIOView.h */ = {isa = PBXFileReference; explicitFileType = undefined; fileEncoding = 4; includeInIndex = 0; lastKnownFileType = sourcecode.c.h; name = CardIOView.h; path = card.io.cordova.mobilesdk/CardIOView.h; sourceTree = "<group>"; };
		0FF4536155014537919D3B4E /* OneSignalWebView.h */ = {isa = PBXFileReference; explicitFileType = undefined; fileEncoding = 4; includeInIndex = 0; lastKnownFileType = sourcecode.c.h; name = OneSignalWebView.h; path = "onesignal-cordova-plugin/OneSignalWebView.h"; sourceTree = "<group>"; };
		107D7B22AD904BA08CEA2CD6 /* CardIODetectionMode.h */ = {isa = PBXFileReference; explicitFileType = undefined; fileEncoding = 4; includeInIndex = 0; lastKnownFileType = sourcecode.c.h; name = CardIODetectionMode.h; path = card.io.cordova.mobilesdk/CardIODetectionMode.h; sourceTree = "<group>"; };
		15AE989ED42946EAB3C6DF22 /* OneSignalLocation.m */ = {isa = PBXFileReference; explicitFileType = undefined; fileEncoding = 4; includeInIndex = 0; lastKnownFileType = sourcecode.c.objc; name = OneSignalLocation.m; path = "onesignal-cordova-plugin/OneSignalLocation.m"; sourceTree = "<group>"; };
		178CADEDF4D0497F82534ECF /* OneSignalMobileProvision.m */ = {isa = PBXFileReference; explicitFileType = undefined; fileEncoding = 4; includeInIndex = 0; lastKnownFileType = sourcecode.c.objc; name = OneSignalMobileProvision.m; path = "onesignal-cordova-plugin/OneSignalMobileProvision.m"; sourceTree = "<group>"; };
		17A1790F25DF4F568A95D6F2 /* PayPalMobileCordovaPlugin.h */ = {isa = PBXFileReference; explicitFileType = undefined; fileEncoding = 4; includeInIndex = 0; lastKnownFileType = sourcecode.c.h; name = PayPalMobileCordovaPlugin.h; path = com.paypal.cordova.mobilesdk/PayPalMobileCordovaPlugin.h; sourceTree = "<group>"; };
		19D3CC86D7514DD8954C64DD /* SocialSharing.h */ = {isa = PBXFileReference; explicitFileType = undefined; fileEncoding = 4; includeInIndex = 0; lastKnownFileType = sourcecode.c.h; name = SocialSharing.h; path = "cordova-plugin-x-socialsharing/SocialSharing.h"; sourceTree = "<group>"; };
		1D3623240D0F684500981E51 /* AppDelegate.h */ = {isa = PBXFileReference; fileEncoding = 4; lastKnownFileType = sourcecode.c.h; path = AppDelegate.h; sourceTree = "<group>"; };
		1D3623250D0F684500981E51 /* AppDelegate.m */ = {isa = PBXFileReference; fileEncoding = 4; lastKnownFileType = sourcecode.c.objc; path = AppDelegate.m; sourceTree = "<group>"; };
		1D6058910D05DD3D006BFB54 /* Avicultura.app */ = {isa = PBXFileReference; explicitFileType = wrapper.application; includeInIndex = 0; path = Avicultura.app; sourceTree = BUILT_PRODUCTS_DIR; };
		1F8F585C5EBF46A591CA9A60 /* OneSignalHTTPClient.m */ = {isa = PBXFileReference; explicitFileType = undefined; fileEncoding = 4; includeInIndex = 0; lastKnownFileType = sourcecode.c.objc; name = OneSignalHTTPClient.m; path = "onesignal-cordova-plugin/OneSignalHTTPClient.m"; sourceTree = "<group>"; };
		24DF87502EBE4C6690E44B64 /* CardIOUtilities.h */ = {isa = PBXFileReference; explicitFileType = undefined; fileEncoding = 4; includeInIndex = 0; lastKnownFileType = sourcecode.c.h; name = CardIOUtilities.h; path = card.io.cordova.mobilesdk/CardIOUtilities.h; sourceTree = "<group>"; };
		29B97316FDCFA39411CA2CEA /* main.m */ = {isa = PBXFileReference; fileEncoding = 4; lastKnownFileType = sourcecode.c.objc; path = main.m; sourceTree = "<group>"; };
		29F26C56D3D54981A2DC9038 /* OneSignalHTTPClient.h */ = {isa = PBXFileReference; explicitFileType = undefined; fileEncoding = 4; includeInIndex = 0; lastKnownFileType = sourcecode.c.h; name = OneSignalHTTPClient.h; path = "onesignal-cordova-plugin/OneSignalHTTPClient.h"; sourceTree = "<group>"; };
		29F314CDCBBF45609283E929 /* CDVLogger.m */ = {isa = PBXFileReference; explicitFileType = undefined; fileEncoding = 4; includeInIndex = 0; lastKnownFileType = sourcecode.c.objc; name = CDVLogger.m; path = "cordova-plugin-console/CDVLogger.m"; sourceTree = "<group>"; };
		2AD656C8EE274E1993A9C08C /* CardIOCordovaPlugin.m */ = {isa = PBXFileReference; explicitFileType = undefined; fileEncoding = 4; includeInIndex = 0; lastKnownFileType = sourcecode.c.objc; name = CardIOCordovaPlugin.m; path = card.io.cordova.mobilesdk/CardIOCordovaPlugin.m; sourceTree = "<group>"; };
		301BF52D109A57CC0062928A /* CordovaLib.xcodeproj */ = {isa = PBXFileReference; lastKnownFileType = "wrapper.pb-project"; name = CordovaLib.xcodeproj; path = CordovaLib/CordovaLib.xcodeproj; sourceTree = "<group>"; };
		301BF56E109A69640062928A /* www */ = {isa = PBXFileReference; lastKnownFileType = folder; path = www; sourceTree = SOURCE_ROOT; };
		302D95EE14D2391D003F00A1 /* MainViewController.h */ = {isa = PBXFileReference; fileEncoding = 4; lastKnownFileType = sourcecode.c.h; path = MainViewController.h; sourceTree = "<group>"; };
		302D95EF14D2391D003F00A1 /* MainViewController.m */ = {isa = PBXFileReference; fileEncoding = 4; lastKnownFileType = sourcecode.c.objc; path = MainViewController.m; sourceTree = "<group>"; };
		302D95F014D2391D003F00A1 /* MainViewController.xib */ = {isa = PBXFileReference; fileEncoding = 4; lastKnownFileType = file.xib; path = MainViewController.xib; sourceTree = "<group>"; };
		3047A50F1AB8059700498E2A /* build-debug.xcconfig */ = {isa = PBXFileReference; fileEncoding = 4; lastKnownFileType = text.xcconfig; name = "build-debug.xcconfig"; path = "cordova/build-debug.xcconfig"; sourceTree = SOURCE_ROOT; };
		3047A5101AB8059700498E2A /* build-release.xcconfig */ = {isa = PBXFileReference; fileEncoding = 4; lastKnownFileType = text.xcconfig; name = "build-release.xcconfig"; path = "cordova/build-release.xcconfig"; sourceTree = SOURCE_ROOT; };
		3047A5111AB8059700498E2A /* build.xcconfig */ = {isa = PBXFileReference; fileEncoding = 4; lastKnownFileType = text.xcconfig; name = build.xcconfig; path = cordova/build.xcconfig; sourceTree = SOURCE_ROOT; };
		309BB4D895BA443E907D983E /* CDVDevice.m */ = {isa = PBXFileReference; explicitFileType = undefined; fileEncoding = 4; includeInIndex = 0; lastKnownFileType = sourcecode.c.objc; name = CDVDevice.m; path = "cordova-plugin-device/CDVDevice.m"; sourceTree = "<group>"; };
		32CA4F630368D1EE00C91783 /* Avicultura-Prefix.pch */ = {isa = PBXFileReference; fileEncoding = 4; lastKnownFileType = sourcecode.c.h; path = "Avicultura-Prefix.pch"; sourceTree = "<group>"; };
		3366C44F8223446CB790EEA8 /* Accelerate.framework */ = {isa = PBXFileReference; explicitFileType = undefined; fileEncoding = 9; includeInIndex = 0; lastKnownFileType = wrapper.framework; name = Accelerate.framework; path = System/Library/Frameworks/Accelerate.framework; sourceTree = SDKROOT; };
		374FD2D555294A4E90AA591A /* AudioToolbox.framework */ = {isa = PBXFileReference; explicitFileType = undefined; fileEncoding = 9; includeInIndex = 0; lastKnownFileType = wrapper.framework; name = AudioToolbox.framework; path = System/Library/Frameworks/AudioToolbox.framework; sourceTree = SDKROOT; };
		3AF1B1082D2148FCA17C1645 /* PayPalOAuthScopes.h */ = {isa = PBXFileReference; explicitFileType = undefined; fileEncoding = 4; includeInIndex = 0; lastKnownFileType = sourcecode.c.h; name = PayPalOAuthScopes.h; path = com.paypal.cordova.mobilesdk/PayPalOAuthScopes.h; sourceTree = "<group>"; };
		3C5ECB6CFECF43828F384004 /* UNUserNotificationCenter+OneSignal.m */ = {isa = PBXFileReference; explicitFileType = undefined; fileEncoding = 4; includeInIndex = 0; lastKnownFileType = sourcecode.c.objc; name = "UNUserNotificationCenter+OneSignal.m"; path = "onesignal-cordova-plugin/UNUserNotificationCenter+OneSignal.m"; sourceTree = "<group>"; };
		3F5905510B5E48D0BFE17A89 /* CDVDevice.h */ = {isa = PBXFileReference; explicitFileType = undefined; fileEncoding = 4; includeInIndex = 0; lastKnownFileType = sourcecode.c.h; name = CDVDevice.h; path = "cordova-plugin-device/CDVDevice.h"; sourceTree = "<group>"; };
		414A3EC339584E1AB625FE45 /* FBSDKShareKit.framework */ = {isa = PBXFileReference; explicitFileType = undefined; fileEncoding = 9; includeInIndex = 0; lastKnownFileType = wrapper.framework; name = FBSDKShareKit.framework; path = "Avicultura/Plugins/cordova-plugin-facebook4/FBSDKShareKit.framework"; sourceTree = "<group>"; };
		4310F72690164CD9B68C1929 /* OpenGLES.framework */ = {isa = PBXFileReference; explicitFileType = undefined; fileEncoding = 9; includeInIndex = 0; lastKnownFileType = wrapper.framework; name = OpenGLES.framework; path = System/Library/Frameworks/OpenGLES.framework; sourceTree = SDKROOT; };
		48FEF4BB138D49F49F5CA978 /* OneSignalTracker.h */ = {isa = PBXFileReference; explicitFileType = undefined; fileEncoding = 4; includeInIndex = 0; lastKnownFileType = sourcecode.c.h; name = OneSignalTracker.h; path = "onesignal-cordova-plugin/OneSignalTracker.h"; sourceTree = "<group>"; };
		49ADFC6707A542B9B78B4BC7 /* AVFoundation.framework */ = {isa = PBXFileReference; explicitFileType = undefined; fileEncoding = 9; includeInIndex = 0; lastKnownFileType = wrapper.framework; name = AVFoundation.framework; path = System/Library/Frameworks/AVFoundation.framework; sourceTree = SDKROOT; };
		4ACBF25F2AC045519D46D236 /* libopencv_core.a */ = {isa = PBXFileReference; explicitFileType = undefined; fileEncoding = 9; includeInIndex = 0; lastKnownFileType = archive.ar; name = libopencv_core.a; path = Avicultura/Plugins/card.io.cordova.mobilesdk/libopencv_core.a; sourceTree = "<group>"; };
		4BC26FE79FA340349DEAA1FA /* PayPalConfiguration.h */ = {isa = PBXFileReference; explicitFileType = undefined; fileEncoding = 4; includeInIndex = 0; lastKnownFileType = sourcecode.c.h; name = PayPalConfiguration.h; path = com.paypal.cordova.mobilesdk/PayPalConfiguration.h; sourceTree = "<group>"; };
		4C5527971CB74E94BCB4E5BE /* CDVViewController+SplashScreen.h */ = {isa = PBXFileReference; explicitFileType = undefined; fileEncoding = 4; includeInIndex = 0; lastKnownFileType = sourcecode.c.h; name = "CDVViewController+SplashScreen.h"; path = "cordova-plugin-splashscreen/CDVViewController+SplashScreen.h"; sourceTree = "<group>"; };
		4C6C3B47A3C1469494F650B0 /* OneSignalPush.h */ = {isa = PBXFileReference; explicitFileType = undefined; fileEncoding = 4; includeInIndex = 0; lastKnownFileType = sourcecode.c.h; name = OneSignalPush.h; path = "onesignal-cordova-plugin/OneSignalPush.h"; sourceTree = "<group>"; };
		531BD552ACC148CABB1EC974 /* CardIOCreditCardInfo.h */ = {isa = PBXFileReference; explicitFileType = undefined; fileEncoding = 4; includeInIndex = 0; lastKnownFileType = sourcecode.c.h; name = CardIOCreditCardInfo.h; path = card.io.cordova.mobilesdk/CardIOCreditCardInfo.h; sourceTree = "<group>"; };
		597675D1E11C43B29E42B181 /* OneSignalSelectorHelpers.h */ = {isa = PBXFileReference; explicitFileType = undefined; fileEncoding = 4; includeInIndex = 0; lastKnownFileType = sourcecode.c.h; name = OneSignalSelectorHelpers.h; path = "onesignal-cordova-plugin/OneSignalSelectorHelpers.h"; sourceTree = "<group>"; };
		5B213E0D97454E248320FD8E /* CardIOPaymentViewControllerDelegate.h */ = {isa = PBXFileReference; explicitFileType = undefined; fileEncoding = 4; includeInIndex = 0; lastKnownFileType = sourcecode.c.h; name = CardIOPaymentViewControllerDelegate.h; path = card.io.cordova.mobilesdk/CardIOPaymentViewControllerDelegate.h; sourceTree = "<group>"; };
		5D60AE3E6B50424C852BD274 /* NSString+URLEncoding.h */ = {isa = PBXFileReference; explicitFileType = undefined; fileEncoding = 4; includeInIndex = 0; lastKnownFileType = sourcecode.c.h; name = "NSString+URLEncoding.h"; path = "cordova-plugin-x-socialsharing/NSString+URLEncoding.h"; sourceTree = "<group>"; };
		5D92676A834740D6A553F4A5 /* CoreMedia.framework */ = {isa = PBXFileReference; explicitFileType = undefined; fileEncoding = 9; includeInIndex = 0; lastKnownFileType = wrapper.framework; name = CoreMedia.framework; path = System/Library/Frameworks/CoreMedia.framework; sourceTree = SDKROOT; };
		5E0CB0A4AAFF414BAC7AC8D7 /* CoreLocation.framework */ = {isa = PBXFileReference; explicitFileType = undefined; fileEncoding = 9; includeInIndex = 0; lastKnownFileType = wrapper.framework; name = CoreLocation.framework; path = System/Library/Frameworks/CoreLocation.framework; sourceTree = SDKROOT; };
		63BD43AFCE95435F85ACEF31 /* IonicKeyboard.m */ = {isa = PBXFileReference; explicitFileType = undefined; fileEncoding = 4; includeInIndex = 0; lastKnownFileType = sourcecode.c.objc; name = IonicKeyboard.m; path = "ionic-plugin-keyboard/IonicKeyboard.m"; sourceTree = "<group>"; };
		64532CCD045E40F48CEA07F3 /* CDVViewController+SplashScreen.m */ = {isa = PBXFileReference; explicitFileType = undefined; fileEncoding = 4; includeInIndex = 0; lastKnownFileType = sourcecode.c.objc; name = "CDVViewController+SplashScreen.m"; path = "cordova-plugin-splashscreen/CDVViewController+SplashScreen.m"; sourceTree = "<group>"; };
		6488F5514D3549A3BE9582BD /* CDVSplashScreen.m */ = {isa = PBXFileReference; explicitFileType = undefined; fileEncoding = 4; includeInIndex = 0; lastKnownFileType = sourcecode.c.objc; name = CDVSplashScreen.m; path = "cordova-plugin-splashscreen/CDVSplashScreen.m"; sourceTree = "<group>"; };
		688C247C8D374824BC223ACA /* Bolts.framework */ = {isa = PBXFileReference; explicitFileType = undefined; fileEncoding = 9; includeInIndex = 0; lastKnownFileType = wrapper.framework; name = Bolts.framework; path = "Avicultura/Plugins/cordova-plugin-facebook4/Bolts.framework"; sourceTree = "<group>"; };
		6A1022AE22B14273955FBE9E /* OneSignalLocation.h */ = {isa = PBXFileReference; explicitFileType = undefined; fileEncoding = 4; includeInIndex = 0; lastKnownFileType = sourcecode.c.h; name = OneSignalLocation.h; path = "onesignal-cordova-plugin/OneSignalLocation.h"; sourceTree = "<group>"; };
		6C3B5D0C9FBA40D281A9CC05 /* Social.framework */ = {isa = PBXFileReference; explicitFileType = undefined; fileEncoding = 9; includeInIndex = 0; lastKnownFileType = wrapper.framework; name = Social.framework; path = System/Library/Frameworks/Social.framework; sourceTree = SDKROOT; };
		6CCA5BE1E11B47DCBE4C01D8 /* QuartzCore.framework */ = {isa = PBXFileReference; explicitFileType = undefined; fileEncoding = 9; includeInIndex = 0; lastKnownFileType = wrapper.framework; name = QuartzCore.framework; path = System/Library/Frameworks/QuartzCore.framework; sourceTree = SDKROOT; };
		6E004E70DCFB467487039F18 /* OneSignalTrackIAP.h */ = {isa = PBXFileReference; explicitFileType = undefined; fileEncoding = 4; includeInIndex = 0; lastKnownFileType = sourcecode.c.h; name = OneSignalTrackIAP.h; path = "onesignal-cordova-plugin/OneSignalTrackIAP.h"; sourceTree = "<group>"; };
		7093B3F9D37243F9A5473703 /* Security.framework */ = {isa = PBXFileReference; explicitFileType = undefined; fileEncoding = 9; includeInIndex = 0; lastKnownFileType = wrapper.framework; name = Security.framework; path = System/Library/Frameworks/Security.framework; sourceTree = SDKROOT; };
		71E67D0378C7498FA7C6C364 /* PayPalMobile.h */ = {isa = PBXFileReference; explicitFileType = undefined; fileEncoding = 4; includeInIndex = 0; lastKnownFileType = sourcecode.c.h; name = PayPalMobile.h; path = com.paypal.cordova.mobilesdk/PayPalMobile.h; sourceTree = "<group>"; };
		7A1514AC9CF04D5D8536B13A /* PayPalFuturePaymentViewController.h */ = {isa = PBXFileReference; explicitFileType = undefined; fileEncoding = 4; includeInIndex = 0; lastKnownFileType = sourcecode.c.h; name = PayPalFuturePaymentViewController.h; path = com.paypal.cordova.mobilesdk/PayPalFuturePaymentViewController.h; sourceTree = "<group>"; };
		7E4FCAC3F2774C679BFF3511 /* Foundation.framework */ = {isa = PBXFileReference; explicitFileType = undefined; fileEncoding = 9; includeInIndex = 0; lastKnownFileType = wrapper.framework; name = Foundation.framework; path = System/Library/Frameworks/Foundation.framework; sourceTree = SDKROOT; };
		8685D09D68B24A9093FFA54A /* CDVInAppBrowser.h */ = {isa = PBXFileReference; explicitFileType = undefined; fileEncoding = 4; includeInIndex = 0; lastKnownFileType = sourcecode.c.h; name = CDVInAppBrowser.h; path = "cordova-plugin-inappbrowser/CDVInAppBrowser.h"; sourceTree = "<group>"; };
		89336E2E110445A0A451E781 /* UIKit.framework */ = {isa = PBXFileReference; explicitFileType = undefined; fileEncoding = 9; includeInIndex = 0; lastKnownFileType = wrapper.framework; name = UIKit.framework; path = System/Library/Frameworks/UIKit.framework; sourceTree = SDKROOT; };
		89B8D006090943BFB660FE75 /* OneSignal.m */ = {isa = PBXFileReference; explicitFileType = undefined; fileEncoding = 4; includeInIndex = 0; lastKnownFileType = sourcecode.c.objc; name = OneSignal.m; path = "onesignal-cordova-plugin/OneSignal.m"; sourceTree = "<group>"; };
		8CAA4A070115457AB977637E /* PayPalMobileCordovaPlugin.m */ = {isa = PBXFileReference; explicitFileType = undefined; fileEncoding = 4; includeInIndex = 0; lastKnownFileType = sourcecode.c.objc; name = PayPalMobileCordovaPlugin.m; path = com.paypal.cordova.mobilesdk/PayPalMobileCordovaPlugin.m; sourceTree = "<group>"; };
		8D1107310486CEB800E47090 /* Avicultura-Info.plist */ = {isa = PBXFileReference; fileEncoding = 4; lastKnownFileType = text.plist.xml; name = "Avicultura-Info.plist"; path = "Avicultura/Avicultura-Info.plist"; plistStructureDefinitionIdentifier = "com.apple.xcode.plist.structure-definition.iphone.info-plist"; sourceTree = SOURCE_ROOT; };
		99D2E4C94EBC4B748F75068A /* libPayPalMobile.a */ = {isa = PBXFileReference; explicitFileType = undefined; fileEncoding = 9; includeInIndex = 0; lastKnownFileType = archive.ar; path = libPayPalMobile.a; sourceTree = "<group>"; };
		9B681201B5C747EAA5827C7F /* OneSignal.h */ = {isa = PBXFileReference; explicitFileType = undefined; fileEncoding = 4; includeInIndex = 0; lastKnownFileType = sourcecode.c.h; name = OneSignal.h; path = "onesignal-cordova-plugin/OneSignal.h"; sourceTree = "<group>"; };
		9C9AFAC1C15449BF9D7220C8 /* OneSignalReachability.h */ = {isa = PBXFileReference; explicitFileType = undefined; fileEncoding = 4; includeInIndex = 0; lastKnownFileType = sourcecode.c.h; name = OneSignalReachability.h; path = "onesignal-cordova-plugin/OneSignalReachability.h"; sourceTree = "<group>"; };
		9DDBF88E25FC43B2AC78245E /* libopencv_imgproc.a */ = {isa = PBXFileReference; explicitFileType = undefined; fileEncoding = 9; includeInIndex = 0; lastKnownFileType = archive.ar; name = libopencv_imgproc.a; path = Avicultura/Plugins/card.io.cordova.mobilesdk/libopencv_imgproc.a; sourceTree = "<group>"; };
		9F617C43EC4C477EA23E1C76 /* CardIOCordovaPlugin.h */ = {isa = PBXFileReference; explicitFileType = undefined; fileEncoding = 4; includeInIndex = 0; lastKnownFileType = sourcecode.c.h; name = CardIOCordovaPlugin.h; path = card.io.cordova.mobilesdk/CardIOCordovaPlugin.h; sourceTree = "<group>"; };
		A1585A32AEC9445BBCC0F006 /* libc++.dylib */ = {isa = PBXFileReference; explicitFileType = undefined; fileEncoding = 9; includeInIndex = 0; lastKnownFileType = "compiled.mach-o.dylib"; name = "libc++.dylib"; path = "usr/lib/libc++.dylib"; sourceTree = SDKROOT; };
		A606A880B8084CEDBC2E93FB /* UIApplicationDelegate+OneSignal.m */ = {isa = PBXFileReference; explicitFileType = undefined; fileEncoding = 4; includeInIndex = 0; lastKnownFileType = sourcecode.c.objc; name = "UIApplicationDelegate+OneSignal.m"; path = "onesignal-cordova-plugin/UIApplicationDelegate+OneSignal.m"; sourceTree = "<group>"; };
		A74130CB536648858E926098 /* SystemConfiguration.framework */ = {isa = PBXFileReference; explicitFileType = undefined; fileEncoding = 9; includeInIndex = 0; lastKnownFileType = wrapper.framework; name = SystemConfiguration.framework; path = System/Library/Frameworks/SystemConfiguration.framework; sourceTree = SDKROOT; };
		AA524B260822493F805885F3 /* CardIOPaymentViewController.h */ = {isa = PBXFileReference; explicitFileType = undefined; fileEncoding = 4; includeInIndex = 0; lastKnownFileType = sourcecode.c.h; name = CardIOPaymentViewController.h; path = card.io.cordova.mobilesdk/CardIOPaymentViewController.h; sourceTree = "<group>"; };
		AAA46249A0204B328EE616E3 /* OneSignalHelper.h */ = {isa = PBXFileReference; explicitFileType = undefined; fileEncoding = 4; includeInIndex = 0; lastKnownFileType = sourcecode.c.h; name = OneSignalHelper.h; path = "onesignal-cordova-plugin/OneSignalHelper.h"; sourceTree = "<group>"; };
		ABCD243FE1AE4938B81551F5 /* OneSignalAlertViewDelegate.h */ = {isa = PBXFileReference; explicitFileType = undefined; fileEncoding = 4; includeInIndex = 0; lastKnownFileType = sourcecode.c.h; name = OneSignalAlertViewDelegate.h; path = "onesignal-cordova-plugin/OneSignalAlertViewDelegate.h"; sourceTree = "<group>"; };
		AC3432A925504127A9E99755 /* CDVSplashScreen.h */ = {isa = PBXFileReference; explicitFileType = undefined; fileEncoding = 4; includeInIndex = 0; lastKnownFileType = sourcecode.c.h; name = CDVSplashScreen.h; path = "cordova-plugin-splashscreen/CDVSplashScreen.h"; sourceTree = "<group>"; };
		ACD0463EE5DC4935B1A57D3D /* CoreVideo.framework */ = {isa = PBXFileReference; explicitFileType = undefined; fileEncoding = 9; includeInIndex = 0; lastKnownFileType = wrapper.framework; name = CoreVideo.framework; path = System/Library/Frameworks/CoreVideo.framework; sourceTree = SDKROOT; };
		AEE8218EA2D8425E9E8D5CAE /* CDVStatusBar.m */ = {isa = PBXFileReference; explicitFileType = undefined; fileEncoding = 4; includeInIndex = 0; lastKnownFileType = sourcecode.c.objc; name = CDVStatusBar.m; path = "cordova-plugin-statusbar/CDVStatusBar.m"; sourceTree = "<group>"; };
		B13E6CBB2DF54D9FAE07BC40 /* libPayPalMobile.a */ = {isa = PBXFileReference; explicitFileType = undefined; fileEncoding = 9; includeInIndex = 0; lastKnownFileType = archive.ar; name = libPayPalMobile.a; path = Avicultura/Plugins/com.paypal.cordova.mobilesdk/libPayPalMobile.a; sourceTree = "<group>"; };
		B8098F740493446A8948FA3B /* OneSignalReachability.m */ = {isa = PBXFileReference; explicitFileType = undefined; fileEncoding = 4; includeInIndex = 0; lastKnownFileType = sourcecode.c.objc; name = OneSignalReachability.m; path = "onesignal-cordova-plugin/OneSignalReachability.m"; sourceTree = "<group>"; };
		B812D4F2BC4C4C8BA756754B /* CardIO.h */ = {isa = PBXFileReference; explicitFileType = undefined; fileEncoding = 4; includeInIndex = 0; lastKnownFileType = sourcecode.c.h; name = CardIO.h; path = card.io.cordova.mobilesdk/CardIO.h; sourceTree = "<group>"; };
		BE46CA120020433E840BFDC2 /* PayPalPaymentViewController.h */ = {isa = PBXFileReference; explicitFileType = undefined; fileEncoding = 4; includeInIndex = 0; lastKnownFileType = sourcecode.c.h; name = PayPalPaymentViewController.h; path = com.paypal.cordova.mobilesdk/PayPalPaymentViewController.h; sourceTree = "<group>"; };
		BE5BA4C283C34ACE838DEFAF /* FBSDKCoreKit.framework */ = {isa = PBXFileReference; explicitFileType = undefined; fileEncoding = 9; includeInIndex = 0; lastKnownFileType = wrapper.framework; name = FBSDKCoreKit.framework; path = "Avicultura/Plugins/cordova-plugin-facebook4/FBSDKCoreKit.framework"; sourceTree = "<group>"; };
		C19BD5BEE0B7442F8A34F07B /* CFNetwork.framework */ = {isa = PBXFileReference; explicitFileType = undefined; fileEncoding = 9; includeInIndex = 0; lastKnownFileType = wrapper.framework; name = CFNetwork.framework; path = System/Library/Frameworks/CFNetwork.framework; sourceTree = SDKROOT; };
		C382BB0D31FA441C8A6E02F8 /* OneSignalJailbreakDetection.m */ = {isa = PBXFileReference; explicitFileType = undefined; fileEncoding = 4; includeInIndex = 0; lastKnownFileType = sourcecode.c.objc; name = OneSignalJailbreakDetection.m; path = "onesignal-cordova-plugin/OneSignalJailbreakDetection.m"; sourceTree = "<group>"; };
		C6732FE901A94F95B33188FB /* OneSignalMobileProvision.h */ = {isa = PBXFileReference; explicitFileType = undefined; fileEncoding = 4; includeInIndex = 0; lastKnownFileType = sourcecode.c.h; name = OneSignalMobileProvision.h; path = "onesignal-cordova-plugin/OneSignalMobileProvision.h"; sourceTree = "<group>"; };
		C81E663823F94777A9A3F181 /* FBSDKLoginKit.framework */ = {isa = PBXFileReference; explicitFileType = undefined; fileEncoding = 9; includeInIndex = 0; lastKnownFileType = wrapper.framework; name = FBSDKLoginKit.framework; path = "Avicultura/Plugins/cordova-plugin-facebook4/FBSDKLoginKit.framework"; sourceTree = "<group>"; };
		C8670B6BB7124494A8B88E51 /* OneSignalAlertViewDelegate.m */ = {isa = PBXFileReference; explicitFileType = undefined; fileEncoding = 4; includeInIndex = 0; lastKnownFileType = sourcecode.c.objc; name = OneSignalAlertViewDelegate.m; path = "onesignal-cordova-plugin/OneSignalAlertViewDelegate.m"; sourceTree = "<group>"; };
		C8C0250654A84095AD06D0CB /* OneSignalJailbreakDetection.h */ = {isa = PBXFileReference; explicitFileType = undefined; fileEncoding = 4; includeInIndex = 0; lastKnownFileType = sourcecode.c.h; name = OneSignalJailbreakDetection.h; path = "onesignal-cordova-plugin/OneSignalJailbreakDetection.h"; sourceTree = "<group>"; };
		C9BD6D5C97D048E7BACECB70 /* OneSignal-Prefix.pch */ = {isa = PBXFileReference; explicitFileType = undefined; fileEncoding = 4; includeInIndex = 0; lastKnownFileType = sourcecode.c.h; name = "OneSignal-Prefix.pch"; path = "onesignal-cordova-plugin/OneSignal-Prefix.pch"; sourceTree = "<group>"; };
		CB93474B2C66477C809E7DAF /* CDVInAppBrowser.m */ = {isa = PBXFileReference; explicitFileType = undefined; fileEncoding = 4; includeInIndex = 0; lastKnownFileType = sourcecode.c.objc; name = CDVInAppBrowser.m; path = "cordova-plugin-inappbrowser/CDVInAppBrowser.m"; sourceTree = "<group>"; };
		CC023708254B40A584D65AAD /* OneSignalPush.m */ = {isa = PBXFileReference; explicitFileType = undefined; fileEncoding = 4; includeInIndex = 0; lastKnownFileType = sourcecode.c.objc; name = OneSignalPush.m; path = "onesignal-cordova-plugin/OneSignalPush.m"; sourceTree = "<group>"; };
		CCA29BA95B534B69A9BD2F6D /* NSString+URLEncoding.m */ = {isa = PBXFileReference; explicitFileType = undefined; fileEncoding = 4; includeInIndex = 0; lastKnownFileType = sourcecode.c.objc; name = "NSString+URLEncoding.m"; path = "cordova-plugin-x-socialsharing/NSString+URLEncoding.m"; sourceTree = "<group>"; };
		CD5282D6AECD4F04A7532D78 /* UIApplicationDelegate+OneSignal.h */ = {isa = PBXFileReference; explicitFileType = undefined; fileEncoding = 4; includeInIndex = 0; lastKnownFileType = sourcecode.c.h; name = "UIApplicationDelegate+OneSignal.h"; path = "onesignal-cordova-plugin/UIApplicationDelegate+OneSignal.h"; sourceTree = "<group>"; };
		CF6C3CA37C4248F2B4BCA067 /* FacebookConnectPlugin.m */ = {isa = PBXFileReference; explicitFileType = undefined; fileEncoding = 4; includeInIndex = 0; lastKnownFileType = sourcecode.c.objc; name = FacebookConnectPlugin.m; path = "cordova-plugin-facebook4/FacebookConnectPlugin.m"; sourceTree = "<group>"; };
		D02A75C976B24FFE9ED3A1F6 /* PayPalProfileSharingViewController.h */ = {isa = PBXFileReference; explicitFileType = undefined; fileEncoding = 4; includeInIndex = 0; lastKnownFileType = sourcecode.c.h; name = PayPalProfileSharingViewController.h; path = com.paypal.cordova.mobilesdk/PayPalProfileSharingViewController.h; sourceTree = "<group>"; };
		D2B420F762B84F73BA6FBAD2 /* libCardIO.a */ = {isa = PBXFileReference; explicitFileType = undefined; fileEncoding = 9; includeInIndex = 0; lastKnownFileType = archive.ar; name = libCardIO.a; path = Avicultura/Plugins/card.io.cordova.mobilesdk/libCardIO.a; sourceTree = "<group>"; };
		D5129B68223F48018BB310BE /* IonicKeyboard.h */ = {isa = PBXFileReference; explicitFileType = undefined; fileEncoding = 4; includeInIndex = 0; lastKnownFileType = sourcecode.c.h; name = IonicKeyboard.h; path = "ionic-plugin-keyboard/IonicKeyboard.h"; sourceTree = "<group>"; };
		D6C56D081C594E7E89316CCF /* OneSignalHelper.m */ = {isa = PBXFileReference; explicitFileType = undefined; fileEncoding = 4; includeInIndex = 0; lastKnownFileType = sourcecode.c.objc; name = OneSignalHelper.m; path = "onesignal-cordova-plugin/OneSignalHelper.m"; sourceTree = "<group>"; };
		D98D9C892F594E91B9506CEB /* OneSignalWebView.m */ = {isa = PBXFileReference; explicitFileType = undefined; fileEncoding = 4; includeInIndex = 0; lastKnownFileType = sourcecode.c.objc; name = OneSignalWebView.m; path = "onesignal-cordova-plugin/OneSignalWebView.m"; sourceTree = "<group>"; };
		DB7930C2F9044B2A9786FB61 /* CDVLogger.h */ = {isa = PBXFileReference; explicitFileType = undefined; fileEncoding = 4; includeInIndex = 0; lastKnownFileType = sourcecode.c.h; name = CDVLogger.h; path = "cordova-plugin-console/CDVLogger.h"; sourceTree = "<group>"; };
		DCE69E396EC844A1AFD249A0 /* PayPalPayment.h */ = {isa = PBXFileReference; explicitFileType = undefined; fileEncoding = 4; includeInIndex = 0; lastKnownFileType = sourcecode.c.h; name = PayPalPayment.h; path = com.paypal.cordova.mobilesdk/PayPalPayment.h; sourceTree = "<group>"; };
		DDA5538EE80F4641ADEC2089 /* FacebookConnectPlugin.h */ = {isa = PBXFileReference; explicitFileType = undefined; fileEncoding = 4; includeInIndex = 0; lastKnownFileType = sourcecode.c.h; name = FacebookConnectPlugin.h; path = "cordova-plugin-facebook4/FacebookConnectPlugin.h"; sourceTree = "<group>"; };
		DFAABBE9981D47D6B919E6D3 /* OneSignalTrackIAP.m */ = {isa = PBXFileReference; explicitFileType = undefined; fileEncoding = 4; includeInIndex = 0; lastKnownFileType = sourcecode.c.objc; name = OneSignalTrackIAP.m; path = "onesignal-cordova-plugin/OneSignalTrackIAP.m"; sourceTree = "<group>"; };
		EAA33099F34E4523805767B5 /* OneSignalTracker.m */ = {isa = PBXFileReference; explicitFileType = undefined; fileEncoding = 4; includeInIndex = 0; lastKnownFileType = sourcecode.c.objc; name = OneSignalTracker.m; path = "onesignal-cordova-plugin/OneSignalTracker.m"; sourceTree = "<group>"; };
		EB6AF3F2BA4349859DEB0113 /* MessageUI.framework */ = {isa = PBXFileReference; explicitFileType = undefined; fileEncoding = 9; includeInIndex = 0; lastKnownFileType = wrapper.framework; name = MessageUI.framework; path = System/Library/Frameworks/MessageUI.framework; sourceTree = SDKROOT; };
		EB87FDF31871DA8E0020F90C /* www */ = {isa = PBXFileReference; lastKnownFileType = folder; name = www; path = ../../www; sourceTree = "<group>"; };
		EB87FDF41871DAF40020F90C /* config.xml */ = {isa = PBXFileReference; lastKnownFileType = text.xml; name = config.xml; path = ../../config.xml; sourceTree = "<group>"; };
		ED33DF2A687741AEAF9F8254 /* Bridging-Header.h */ = {isa = PBXFileReference; fileEncoding = 4; lastKnownFileType = sourcecode.c.h; path = "Bridging-Header.h"; sourceTree = "<group>"; };
		EDD533CB37224BF094073A7F /* SocialSharing.m */ = {isa = PBXFileReference; explicitFileType = undefined; fileEncoding = 4; includeInIndex = 0; lastKnownFileType = sourcecode.c.objc; name = SocialSharing.m; path = "cordova-plugin-x-socialsharing/SocialSharing.m"; sourceTree = "<group>"; };
		F6A6D061127B418690F0DB8E /* CDVStatusBar.h */ = {isa = PBXFileReference; explicitFileType = undefined; fileEncoding = 4; includeInIndex = 0; lastKnownFileType = sourcecode.c.h; name = CDVStatusBar.h; path = "cordova-plugin-statusbar/CDVStatusBar.h"; sourceTree = "<group>"; };
		F734A2A7332C4A81B98E5D8D /* OneSignalSelectorHelpers.m */ = {isa = PBXFileReference; explicitFileType = undefined; fileEncoding = 4; includeInIndex = 0; lastKnownFileType = sourcecode.c.objc; name = OneSignalSelectorHelpers.m; path = "onesignal-cordova-plugin/OneSignalSelectorHelpers.m"; sourceTree = "<group>"; };
		F840E1F0165FE0F500CFE078 /* config.xml */ = {isa = PBXFileReference; lastKnownFileType = text.xml; name = config.xml; path = Avicultura/config.xml; sourceTree = "<group>"; };
		FE1F2E6C1C9940B0BB27CBFC /* UNUserNotificationCenter+OneSignal.h */ = {isa = PBXFileReference; explicitFileType = undefined; fileEncoding = 4; includeInIndex = 0; lastKnownFileType = sourcecode.c.h; name = "UNUserNotificationCenter+OneSignal.h"; path = "onesignal-cordova-plugin/UNUserNotificationCenter+OneSignal.h"; sourceTree = "<group>"; };
/* End PBXFileReference section */

/* Begin PBXFrameworksBuildPhase section */
		1D60588F0D05DD3D006BFB54 /* Frameworks */ = {
			isa = PBXFrameworksBuildPhase;
			buildActionMask = 2147483647;
			files = (
				301BF552109A68D80062928A /* libCordova.a in Frameworks */,
				3AEEE4622CFA4E8BA7B66515 /* libCardIO.a in Frameworks */,
				1A6ECC87070E49E29594C298 /* libopencv_core.a in Frameworks */,
				103C941077D04E09A727425E /* libopencv_imgproc.a in Frameworks */,
				D90D241501DE47B186FDCA26 /* Accelerate.framework in Frameworks */,
				07A424AA044D46749D4B056D /* AudioToolbox.framework in Frameworks */,
				625FBFA7AE6140D9AB0AF9B8 /* AVFoundation.framework in Frameworks */,
				3CC144BBDAFB431484B03CC4 /* CoreMedia.framework in Frameworks */,
				A1BECB3845EE44A385DAFBB9 /* CoreVideo.framework in Frameworks */,
				8CB443C9C4C64B4183018927 /* Foundation.framework in Frameworks */,
				8918C96868144C749DB29357 /* OpenGLES.framework in Frameworks */,
				9A5D0D0029C148BBA9057894 /* QuartzCore.framework in Frameworks */,
				E5B0FC65BC1044C0AE1201EE /* Security.framework in Frameworks */,
				B5AA87D5F00844F984A0419C /* UIKit.framework in Frameworks */,
				128E215D3CEC46D8B7BAD9CB /* libc++.dylib in Frameworks */,
				E9F06AC1192F48E489D2A07D /* libPayPalMobile.a in Frameworks */,
				FE49AEF196F848729280C0F8 /* CFNetwork.framework in Frameworks */,
				EA05216F08FF4CBC81B4B6FD /* CoreLocation.framework in Frameworks */,
				178EA1E104404F529EC3C3AF /* MessageUI.framework in Frameworks */,
				E212FC1C7C784ABDB8B24F3B /* SafariServices.framework in Frameworks */,
				747CC76C44A54005BD5622BA /* SystemConfiguration.framework in Frameworks */,
				902A2347D57346B48876EC40 /* libPayPalMobile.a in Frameworks */,
				4C18AA7E484C453486688315 /* Bolts.framework in Frameworks */,
				F62F8C894403484590A75472 /* FBSDKCoreKit.framework in Frameworks */,
				2CF7054F20834C709287D3B5 /* FBSDKLoginKit.framework in Frameworks */,
				3FF978B3BCE5410F90B240E5 /* FBSDKShareKit.framework in Frameworks */,
				7937578FF1CE4647B1A769A6 /* Social.framework in Frameworks */,
			);
			runOnlyForDeploymentPostprocessing = 0;
		};
/* End PBXFrameworksBuildPhase section */

/* Begin PBXGroup section */
		080E96DDFE201D6D7F000001 /* Classes */ = {
			isa = PBXGroup;
			children = (
				302D95EE14D2391D003F00A1 /* MainViewController.h */,
				302D95EF14D2391D003F00A1 /* MainViewController.m */,
				302D95F014D2391D003F00A1 /* MainViewController.xib */,
				1D3623240D0F684500981E51 /* AppDelegate.h */,
				1D3623250D0F684500981E51 /* AppDelegate.m */,
			);
			name = Classes;
			path = Avicultura/Classes;
			sourceTree = SOURCE_ROOT;
		};
		19C28FACFE9D520D11CA2CBB /* Products */ = {
			isa = PBXGroup;
			children = (
				1D6058910D05DD3D006BFB54 /* Avicultura.app */,
			);
			name = Products;
			sourceTree = "<group>";
		};
		29B97314FDCFA39411CA2CEA /* CustomTemplate */ = {
			isa = PBXGroup;
			children = (
				EB87FDF41871DAF40020F90C /* config.xml */,
				EB87FDF31871DA8E0020F90C /* www */,
				EB87FDF11871DA420020F90C /* Staging */,
				301BF52D109A57CC0062928A /* CordovaLib.xcodeproj */,
				080E96DDFE201D6D7F000001 /* Classes */,
				307C750510C5A3420062BCA9 /* Plugins */,
				29B97315FDCFA39411CA2CEA /* Other Sources */,
				29B97317FDCFA39411CA2CEA /* Resources */,
				29B97323FDCFA39411CA2CEA /* Frameworks */,
				19C28FACFE9D520D11CA2CBB /* Products */,
			);
			name = CustomTemplate;
			sourceTree = "<group>";
		};
		29B97315FDCFA39411CA2CEA /* Other Sources */ = {
			isa = PBXGroup;
			children = (
				32CA4F630368D1EE00C91783 /* Avicultura-Prefix.pch */,
				29B97316FDCFA39411CA2CEA /* main.m */,
				ED33DF2A687741AEAF9F8254 /* Bridging-Header.h */,
			);
			name = "Other Sources";
			path = Avicultura;
			sourceTree = "<group>";
		};
		29B97317FDCFA39411CA2CEA /* Resources */ = {
			isa = PBXGroup;
			children = (
				0207DA571B56EA530066E2B4 /* Images.xcassets */,
				3047A50E1AB8057F00498E2A /* config */,
				8D1107310486CEB800E47090 /* Avicultura-Info.plist */,
			);
			name = Resources;
			path = Avicultura/Resources;
			sourceTree = "<group>";
		};
		29B97323FDCFA39411CA2CEA /* Frameworks */ = {
			isa = PBXGroup;
			children = (
				D2B420F762B84F73BA6FBAD2 /* libCardIO.a */,
				4ACBF25F2AC045519D46D236 /* libopencv_core.a */,
				9DDBF88E25FC43B2AC78245E /* libopencv_imgproc.a */,
				3366C44F8223446CB790EEA8 /* Accelerate.framework */,
				374FD2D555294A4E90AA591A /* AudioToolbox.framework */,
				49ADFC6707A542B9B78B4BC7 /* AVFoundation.framework */,
				5D92676A834740D6A553F4A5 /* CoreMedia.framework */,
				ACD0463EE5DC4935B1A57D3D /* CoreVideo.framework */,
				7E4FCAC3F2774C679BFF3511 /* Foundation.framework */,
				4310F72690164CD9B68C1929 /* OpenGLES.framework */,
				6CCA5BE1E11B47DCBE4C01D8 /* QuartzCore.framework */,
				7093B3F9D37243F9A5473703 /* Security.framework */,
				89336E2E110445A0A451E781 /* UIKit.framework */,
				A1585A32AEC9445BBCC0F006 /* libc++.dylib */,
				B13E6CBB2DF54D9FAE07BC40 /* libPayPalMobile.a */,
				C19BD5BEE0B7442F8A34F07B /* CFNetwork.framework */,
				5E0CB0A4AAFF414BAC7AC8D7 /* CoreLocation.framework */,
				EB6AF3F2BA4349859DEB0113 /* MessageUI.framework */,
				005CCBCCDC074D2EB29C62DF /* SafariServices.framework */,
				A74130CB536648858E926098 /* SystemConfiguration.framework */,
				99D2E4C94EBC4B748F75068A /* libPayPalMobile.a */,
				688C247C8D374824BC223ACA /* Bolts.framework */,
				BE5BA4C283C34ACE838DEFAF /* FBSDKCoreKit.framework */,
				C81E663823F94777A9A3F181 /* FBSDKLoginKit.framework */,
				414A3EC339584E1AB625FE45 /* FBSDKShareKit.framework */,
				6C3B5D0C9FBA40D281A9CC05 /* Social.framework */,
			);
			name = Frameworks;
			sourceTree = "<group>";
		};
		301BF52E109A57CC0062928A /* Products */ = {
			isa = PBXGroup;
			children = (
				301BF535109A57CC0062928A /* libCordova.a */,
			);
			name = Products;
			sourceTree = "<group>";
		};
		3047A50E1AB8057F00498E2A /* config */ = {
			isa = PBXGroup;
			children = (
				3047A50F1AB8059700498E2A /* build-debug.xcconfig */,
				3047A5101AB8059700498E2A /* build-release.xcconfig */,
				3047A5111AB8059700498E2A /* build.xcconfig */,
			);
			name = config;
			sourceTree = "<group>";
		};
		307C750510C5A3420062BCA9 /* Plugins */ = {
			isa = PBXGroup;
			children = (
				2AD656C8EE274E1993A9C08C /* CardIOCordovaPlugin.m */,
				9F617C43EC4C477EA23E1C76 /* CardIOCordovaPlugin.h */,
				B812D4F2BC4C4C8BA756754B /* CardIO.h */,
				531BD552ACC148CABB1EC974 /* CardIOCreditCardInfo.h */,
				107D7B22AD904BA08CEA2CD6 /* CardIODetectionMode.h */,
				AA524B260822493F805885F3 /* CardIOPaymentViewController.h */,
				5B213E0D97454E248320FD8E /* CardIOPaymentViewControllerDelegate.h */,
				24DF87502EBE4C6690E44B64 /* CardIOUtilities.h */,
				0B4EA71119BA4F67A781DE6E /* CardIOView.h */,
				039C6F6F5735455CA4E60F2B /* CardIOViewDelegate.h */,
				8CAA4A070115457AB977637E /* PayPalMobileCordovaPlugin.m */,
				17A1790F25DF4F568A95D6F2 /* PayPalMobileCordovaPlugin.h */,
				4BC26FE79FA340349DEAA1FA /* PayPalConfiguration.h */,
				7A1514AC9CF04D5D8536B13A /* PayPalFuturePaymentViewController.h */,
				71E67D0378C7498FA7C6C364 /* PayPalMobile.h */,
				3AF1B1082D2148FCA17C1645 /* PayPalOAuthScopes.h */,
				DCE69E396EC844A1AFD249A0 /* PayPalPayment.h */,
				BE46CA120020433E840BFDC2 /* PayPalPaymentViewController.h */,
				D02A75C976B24FFE9ED3A1F6 /* PayPalProfileSharingViewController.h */,
				29F314CDCBBF45609283E929 /* CDVLogger.m */,
				DB7930C2F9044B2A9786FB61 /* CDVLogger.h */,
				309BB4D895BA443E907D983E /* CDVDevice.m */,
				3F5905510B5E48D0BFE17A89 /* CDVDevice.h */,
				CF6C3CA37C4248F2B4BCA067 /* FacebookConnectPlugin.m */,
				DDA5538EE80F4641ADEC2089 /* FacebookConnectPlugin.h */,
				CB93474B2C66477C809E7DAF /* CDVInAppBrowser.m */,
				8685D09D68B24A9093FFA54A /* CDVInAppBrowser.h */,
				6488F5514D3549A3BE9582BD /* CDVSplashScreen.m */,
				64532CCD045E40F48CEA07F3 /* CDVViewController+SplashScreen.m */,
				AC3432A925504127A9E99755 /* CDVSplashScreen.h */,
				4C5527971CB74E94BCB4E5BE /* CDVViewController+SplashScreen.h */,
				AEE8218EA2D8425E9E8D5CAE /* CDVStatusBar.m */,
				F6A6D061127B418690F0DB8E /* CDVStatusBar.h */,
				CCA29BA95B534B69A9BD2F6D /* NSString+URLEncoding.m */,
				EDD533CB37224BF094073A7F /* SocialSharing.m */,
				5D60AE3E6B50424C852BD274 /* NSString+URLEncoding.h */,
				19D3CC86D7514DD8954C64DD /* SocialSharing.h */,
				63BD43AFCE95435F85ACEF31 /* IonicKeyboard.m */,
				D5129B68223F48018BB310BE /* IonicKeyboard.h */,
				4C6C3B47A3C1469494F650B0 /* OneSignalPush.h */,
				597675D1E11C43B29E42B181 /* OneSignalSelectorHelpers.h */,
				FE1F2E6C1C9940B0BB27CBFC /* UNUserNotificationCenter+OneSignal.h */,
				CD5282D6AECD4F04A7532D78 /* UIApplicationDelegate+OneSignal.h */,
				89B8D006090943BFB660FE75 /* OneSignal.m */,
				1F8F585C5EBF46A591CA9A60 /* OneSignalHTTPClient.m */,
				DFAABBE9981D47D6B919E6D3 /* OneSignalTrackIAP.m */,
				C382BB0D31FA441C8A6E02F8 /* OneSignalJailbreakDetection.m */,
				B8098F740493446A8948FA3B /* OneSignalReachability.m */,
				178CADEDF4D0497F82534ECF /* OneSignalMobileProvision.m */,
				15AE989ED42946EAB3C6DF22 /* OneSignalLocation.m */,
				C8670B6BB7124494A8B88E51 /* OneSignalAlertViewDelegate.m */,
				EAA33099F34E4523805767B5 /* OneSignalTracker.m */,
				D6C56D081C594E7E89316CCF /* OneSignalHelper.m */,
				D98D9C892F594E91B9506CEB /* OneSignalWebView.m */,
				CC023708254B40A584D65AAD /* OneSignalPush.m */,
				F734A2A7332C4A81B98E5D8D /* OneSignalSelectorHelpers.m */,
				3C5ECB6CFECF43828F384004 /* UNUserNotificationCenter+OneSignal.m */,
				A606A880B8084CEDBC2E93FB /* UIApplicationDelegate+OneSignal.m */,
				9B681201B5C747EAA5827C7F /* OneSignal.h */,
				29F26C56D3D54981A2DC9038 /* OneSignalHTTPClient.h */,
				6E004E70DCFB467487039F18 /* OneSignalTrackIAP.h */,
				C8C0250654A84095AD06D0CB /* OneSignalJailbreakDetection.h */,
				9C9AFAC1C15449BF9D7220C8 /* OneSignalReachability.h */,
				C6732FE901A94F95B33188FB /* OneSignalMobileProvision.h */,
				6A1022AE22B14273955FBE9E /* OneSignalLocation.h */,
				ABCD243FE1AE4938B81551F5 /* OneSignalAlertViewDelegate.h */,
				AAA46249A0204B328EE616E3 /* OneSignalHelper.h */,
				48FEF4BB138D49F49F5CA978 /* OneSignalTracker.h */,
				0FF4536155014537919D3B4E /* OneSignalWebView.h */,
				C9BD6D5C97D048E7BACECB70 /* OneSignal-Prefix.pch */,
			);
			name = Plugins;
			path = Avicultura/Plugins;
			sourceTree = SOURCE_ROOT;
		};
		EB87FDF11871DA420020F90C /* Staging */ = {
			isa = PBXGroup;
			children = (
				F840E1F0165FE0F500CFE078 /* config.xml */,
				301BF56E109A69640062928A /* www */,
			);
			name = Staging;
			sourceTree = "<group>";
		};
/* End PBXGroup section */

/* Begin PBXNativeTarget section */
		1D6058900D05DD3D006BFB54 /* Avicultura */ = {
			isa = PBXNativeTarget;
			buildConfigurationList = 1D6058960D05DD3E006BFB54 /* Build configuration list for PBXNativeTarget "Avicultura" */;
			buildPhases = (
				304B58A110DAC018002A0835 /* Copy www directory */,
				1D60588D0D05DD3D006BFB54 /* Resources */,
				1D60588E0D05DD3D006BFB54 /* Sources */,
				1D60588F0D05DD3D006BFB54 /* Frameworks */,
			);
			buildRules = (
			);
			dependencies = (
				301BF551109A68C00062928A /* PBXTargetDependency */,
			);
			name = Avicultura;
			productName = Avicultura;
			productReference = 1D6058910D05DD3D006BFB54 /* Avicultura.app */;
			productType = "com.apple.product-type.application";
		};
/* End PBXNativeTarget section */

/* Begin PBXProject section */
		29B97313FDCFA39411CA2CEA /* Project object */ = {
			isa = PBXProject;
			attributes = {
				LastUpgradeCheck = 510;
				TargetAttributes = {
					1D6058900D05DD3D006BFB54 = {
						DevelopmentTeam = 9BP652472U;
					};
				};
			};
			buildConfigurationList = C01FCF4E08A954540054247B /* Build configuration list for PBXProject "Avicultura" */;
			compatibilityVersion = "Xcode 3.2";
			developmentRegion = English;
			hasScannedForEncodings = 1;
			knownRegions = (
				en,
			);
			mainGroup = 29B97314FDCFA39411CA2CEA /* CustomTemplate */;
			projectDirPath = "";
			projectReferences = (
				{
					ProductGroup = 301BF52E109A57CC0062928A /* Products */;
					ProjectRef = 301BF52D109A57CC0062928A /* CordovaLib.xcodeproj */;
				},
			);
			projectRoot = "";
			targets = (
				1D6058900D05DD3D006BFB54 /* Avicultura */,
			);
		};
/* End PBXProject section */

/* Begin PBXReferenceProxy section */
		301BF535109A57CC0062928A /* libCordova.a */ = {
			isa = PBXReferenceProxy;
			fileType = archive.ar;
			path = libCordova.a;
			remoteRef = 301BF534109A57CC0062928A /* PBXContainerItemProxy */;
			sourceTree = BUILT_PRODUCTS_DIR;
		};
/* End PBXReferenceProxy section */

/* Begin PBXResourcesBuildPhase section */
		1D60588D0D05DD3D006BFB54 /* Resources */ = {
			isa = PBXResourcesBuildPhase;
			buildActionMask = 2147483647;
			files = (
				302D95F214D2391D003F00A1 /* MainViewController.xib in Resources */,
				3047A5131AB8059700498E2A /* build-release.xcconfig in Resources */,
				3047A5141AB8059700498E2A /* build.xcconfig in Resources */,
				0207DA581B56EA530066E2B4 /* Images.xcassets in Resources */,
				3047A5121AB8059700498E2A /* build-debug.xcconfig in Resources */,
			);
			runOnlyForDeploymentPostprocessing = 0;
		};
/* End PBXResourcesBuildPhase section */

/* Begin PBXShellScriptBuildPhase section */
		304B58A110DAC018002A0835 /* Copy www directory */ = {
			isa = PBXShellScriptBuildPhase;
			buildActionMask = 2147483647;
			files = (
			);
			inputPaths = (
			);
			name = "Copy www directory";
			outputPaths = (
			);
			runOnlyForDeploymentPostprocessing = 0;
			shellPath = /bin/sh;
			shellScript = "NODEJS_PATH=/usr/local/bin; NVM_NODE_PATH=~/.nvm/versions/node/`nvm version 2>/dev/null`/bin; N_NODE_PATH=`find /usr/local/n/versions/node/* -maxdepth 0 -type d 2>/dev/null | tail -1`/bin; XCODE_NODE_PATH=`xcode-select --print-path`/usr/share/xcs/Node/bin; PATH=$NODEJS_PATH:$NVM_NODE_PATH:$N_NODE_PATH:$XCODE_NODE_PATH:$PATH && node cordova/lib/copy-www-build-step.js";
			showEnvVarsInLog = 0;
		};
/* End PBXShellScriptBuildPhase section */

/* Begin PBXSourcesBuildPhase section */
		1D60588E0D05DD3D006BFB54 /* Sources */ = {
			isa = PBXSourcesBuildPhase;
			buildActionMask = 2147483647;
			files = (
				1D60589B0D05DD56006BFB54 /* main.m in Sources */,
				1D3623260D0F684500981E51 /* AppDelegate.m in Sources */,
				302D95F114D2391D003F00A1 /* MainViewController.m in Sources */,
				DE95D39C1A214E5797F71C76 /* CardIOCordovaPlugin.m in Sources */,
				43E769BE0ADC4453926347A0 /* PayPalMobileCordovaPlugin.m in Sources */,
				B387A78FA2684123BE7533AD /* CDVLogger.m in Sources */,
				CF0F22B45E544372A9F1FFA8 /* CDVDevice.m in Sources */,
				C57257307C2B4C82950ED454 /* FacebookConnectPlugin.m in Sources */,
				29FB582B34E448F1843925BF /* CDVInAppBrowser.m in Sources */,
				308D20A56D9746DDB0FD119C /* CDVSplashScreen.m in Sources */,
				ECBD1A5E745B4634A46C4ACB /* CDVViewController+SplashScreen.m in Sources */,
				CFC256241C9E4EC88F0F9438 /* CDVStatusBar.m in Sources */,
				05770173B0C943F1A2569BE1 /* NSString+URLEncoding.m in Sources */,
				38FAA458E1D4471FB72C9293 /* SocialSharing.m in Sources */,
				B1E06811CC8746F287C9C4A0 /* IonicKeyboard.m in Sources */,
				088A759060E4489885820B37 /* OneSignalPush.h in Sources */,
				C0D7FC6BBD0B4E5D88ADCAA4 /* OneSignalSelectorHelpers.h in Sources */,
				1D1C0CDEB66240A2ADB488ED /* UNUserNotificationCenter+OneSignal.h in Sources */,
				A0FCBF8FCE664A56927A2421 /* UIApplicationDelegate+OneSignal.h in Sources */,
				5B0746297BDF4F7983AC7F2F /* OneSignal.m in Sources */,
				4276F650CC0F4D6A80AC0B65 /* OneSignalHTTPClient.m in Sources */,
				A7E3E83CE25C4857BD5F2F88 /* OneSignalTrackIAP.m in Sources */,
				FFA39782EB224E469410584B /* OneSignalJailbreakDetection.m in Sources */,
				DB438A99ADF04D87B6236EA6 /* OneSignalReachability.m in Sources */,
				9BC037A33D6348DBB27F0278 /* OneSignalMobileProvision.m in Sources */,
				56E64FFF4C4845E88269A743 /* OneSignalLocation.m in Sources */,
				8D0F8574C208427E863D614F /* OneSignalAlertViewDelegate.m in Sources */,
				9E419F164FC74DCFB20646AD /* OneSignalTracker.m in Sources */,
				F115F5BF37464DAB9B20E887 /* OneSignalHelper.m in Sources */,
				49FBBF261D73460BB0CE3C86 /* OneSignalWebView.m in Sources */,
				30E128BF82B1474180C44E28 /* OneSignalPush.m in Sources */,
				67D5581E906546C28B820AE0 /* OneSignalSelectorHelpers.m in Sources */,
				4AB848E4AF1A45C98B624C65 /* UNUserNotificationCenter+OneSignal.m in Sources */,
				C103FC0906AB435BB976E7ED /* UIApplicationDelegate+OneSignal.m in Sources */,
			);
			runOnlyForDeploymentPostprocessing = 0;
		};
/* End PBXSourcesBuildPhase section */

/* Begin PBXTargetDependency section */
		301BF551109A68C00062928A /* PBXTargetDependency */ = {
			isa = PBXTargetDependency;
			name = CordovaLib;
			targetProxy = 301BF550109A68C00062928A /* PBXContainerItemProxy */;
		};
/* End PBXTargetDependency section */

/* Begin XCBuildConfiguration section */
		1D6058940D05DD3E006BFB54 /* Debug */ = {
			isa = XCBuildConfiguration;
			baseConfigurationReference = 3047A50F1AB8059700498E2A /* build-debug.xcconfig */;
			buildSettings = {
				ALWAYS_SEARCH_USER_PATHS = NO;
				ASSETCATALOG_COMPILER_APPICON_NAME = AppIcon;
				ASSETCATALOG_COMPILER_LAUNCHIMAGE_NAME = LaunchImage;
				CLANG_ENABLE_MODULES = YES;
				CLANG_ENABLE_OBJC_ARC = YES;
				COPY_PHASE_STRIP = NO;
				DEVELOPMENT_TEAM = 9BP652472U;
				FRAMEWORK_SEARCH_PATHS = (
					"$(inherited)",
					"\"Avicultura/Plugins/cordova-plugin-facebook4\"",
					"\"Avicultura/Plugins/cordova-plugin-facebook4\"",
					"\"Avicultura/Plugins/cordova-plugin-facebook4\"",
					"\"Avicultura/Plugins/cordova-plugin-facebook4\"",
				);
				GCC_DYNAMIC_NO_PIC = NO;
				GCC_OPTIMIZATION_LEVEL = 0;
				GCC_PRECOMPILE_PREFIX_HEADER = YES;
				GCC_PREFIX_HEADER = "Avicultura/Avicultura-Prefix.pch";
				GCC_THUMB_SUPPORT = NO;
				GCC_VERSION = "";
				INFOPLIST_FILE = "Avicultura/Avicultura-Info.plist";
				LD_RUNPATH_SEARCH_PATHS = "@executable_path/Frameworks";
				LIBRARY_SEARCH_PATHS = (
					"$(inherited)",
					"\"$(SRCROOT)/Avicultura/Plugins/card.io.cordova.mobilesdk\"",
					"\"$(SRCROOT)/Avicultura/Plugins/card.io.cordova.mobilesdk\"",
					"\"$(SRCROOT)/Avicultura/Plugins/card.io.cordova.mobilesdk\"",
					"\"$(SRCROOT)/Avicultura/Plugins/com.paypal.cordova.mobilesdk\"",
				);
				PRODUCT_NAME = Avicultura;
			};
			name = Debug;
		};
		1D6058950D05DD3E006BFB54 /* Release */ = {
			isa = XCBuildConfiguration;
			baseConfigurationReference = 3047A5101AB8059700498E2A /* build-release.xcconfig */;
			buildSettings = {
				ALWAYS_SEARCH_USER_PATHS = NO;
				ASSETCATALOG_COMPILER_APPICON_NAME = AppIcon;
				ASSETCATALOG_COMPILER_LAUNCHIMAGE_NAME = LaunchImage;
				CLANG_ENABLE_MODULES = YES;
				CLANG_ENABLE_OBJC_ARC = YES;
				COPY_PHASE_STRIP = YES;
				DEVELOPMENT_TEAM = 9BP652472U;
				FRAMEWORK_SEARCH_PATHS = (
					"$(inherited)",
					"\"Avicultura/Plugins/cordova-plugin-facebook4\"",
					"\"Avicultura/Plugins/cordova-plugin-facebook4\"",
					"\"Avicultura/Plugins/cordova-plugin-facebook4\"",
					"\"Avicultura/Plugins/cordova-plugin-facebook4\"",
				);
				GCC_PRECOMPILE_PREFIX_HEADER = YES;
				GCC_PREFIX_HEADER = "Avicultura/Avicultura-Prefix.pch";
				GCC_THUMB_SUPPORT = NO;
				GCC_VERSION = "";
				INFOPLIST_FILE = "Avicultura/Avicultura-Info.plist";
				LIBRARY_SEARCH_PATHS = (
					"$(inherited)",
					"\"$(SRCROOT)/Avicultura/Plugins/card.io.cordova.mobilesdk\"",
					"\"$(SRCROOT)/Avicultura/Plugins/card.io.cordova.mobilesdk\"",
					"\"$(SRCROOT)/Avicultura/Plugins/card.io.cordova.mobilesdk\"",
					"\"$(SRCROOT)/Avicultura/Plugins/com.paypal.cordova.mobilesdk\"",
				);
				PRODUCT_NAME = Avicultura;
			};
			name = Release;
		};
		C01FCF4F08A954540054247B /* Debug */ = {
			isa = XCBuildConfiguration;
			baseConfigurationReference = 3047A5111AB8059700498E2A /* build.xcconfig */;
			buildSettings = {
				CLANG_ENABLE_MODULES = YES;
				CLANG_ENABLE_OBJC_ARC = YES;
				CLANG_WARN_BOOL_CONVERSION = YES;
				CLANG_WARN_CONSTANT_CONVERSION = YES;
				CLANG_WARN_EMPTY_BODY = YES;
				CLANG_WARN_ENUM_CONVERSION = YES;
				CLANG_WARN_INT_CONVERSION = YES;
				CLANG_WARN__DUPLICATE_METHOD_MATCH = YES;
				GCC_C_LANGUAGE_STANDARD = c99;
				GCC_THUMB_SUPPORT = NO;
				GCC_VERSION = "";
				GCC_WARN_ABOUT_RETURN_TYPE = YES;
				GCC_WARN_UNDECLARED_SELECTOR = YES;
				GCC_WARN_UNINITIALIZED_AUTOS = YES;
				GCC_WARN_UNUSED_FUNCTION = YES;
				GCC_WARN_UNUSED_VARIABLE = YES;
				ONLY_ACTIVE_ARCH = YES;
				SDKROOT = iphoneos;
				SKIP_INSTALL = NO;
			};
			name = Debug;
		};
		C01FCF5008A954540054247B /* Release */ = {
			isa = XCBuildConfiguration;
			baseConfigurationReference = 3047A5111AB8059700498E2A /* build.xcconfig */;
			buildSettings = {
				CLANG_ENABLE_MODULES = YES;
				CLANG_ENABLE_OBJC_ARC = YES;
				CLANG_WARN_BOOL_CONVERSION = YES;
				CLANG_WARN_CONSTANT_CONVERSION = YES;
				CLANG_WARN_EMPTY_BODY = YES;
				CLANG_WARN_ENUM_CONVERSION = YES;
				CLANG_WARN_INT_CONVERSION = YES;
				CLANG_WARN__DUPLICATE_METHOD_MATCH = YES;
				GCC_C_LANGUAGE_STANDARD = c99;
				GCC_THUMB_SUPPORT = NO;
				GCC_VERSION = "";
				GCC_WARN_ABOUT_RETURN_TYPE = YES;
				GCC_WARN_UNDECLARED_SELECTOR = YES;
				GCC_WARN_UNINITIALIZED_AUTOS = YES;
				GCC_WARN_UNUSED_FUNCTION = YES;
				GCC_WARN_UNUSED_VARIABLE = YES;
				SDKROOT = iphoneos;
				SKIP_INSTALL = NO;
			};
			name = Release;
		};
/* End XCBuildConfiguration section */

/* Begin XCConfigurationList section */
		1D6058960D05DD3E006BFB54 /* Build configuration list for PBXNativeTarget "Avicultura" */ = {
			isa = XCConfigurationList;
			buildConfigurations = (
				1D6058940D05DD3E006BFB54 /* Debug */,
				1D6058950D05DD3E006BFB54 /* Release */,
			);
			defaultConfigurationIsVisible = 0;
			defaultConfigurationName = Release;
		};
		C01FCF4E08A954540054247B /* Build configuration list for PBXProject "Avicultura" */ = {
			isa = XCConfigurationList;
			buildConfigurations = (
				C01FCF4F08A954540054247B /* Debug */,
				C01FCF5008A954540054247B /* Release */,
			);
			defaultConfigurationIsVisible = 0;
			defaultConfigurationName = Release;
		};
/* End XCConfigurationList section */
	};
	rootObject = 29B97313FDCFA39411CA2CEA /* Project object */;
}
